
Microsoft Visual Studio Solution File, Format Version 12.00
# Visual Studio Version 16
VisualStudioVersion = 16.0.32002.261
MinimumVisualStudioVersion = 10.0.40219.1
Project("{FAE04EC0-301F-11D3-BF4B-00C04F79EFBC}") = "Quads", "Quads.csproj", "{3354F1EA-3D85-4140-8DA9-E2E9646107EF}"
EndProject
Global
	GlobalSection(SolutionConfigurationPlatforms) = preSolution
		Debug|Any CPU = Debug|Any CPU
		Release|Any CPU = Release|Any CPU
	EndGlobalSection
	GlobalSection(ProjectConfigurationPlatforms) = postSolution
		{3354F1EA-3D85-4140-8DA9-E2E9646107EF}.Debug|Any CPU.ActiveCfg = Debug|Any CPU
		{3354F1EA-3D85-4140-8DA9-E2E9646107EF}.Debug|Any CPU.Build.0 = Debug|Any CPU
		{3354F1EA-3D85-4140-8DA9-E2E9646107EF}.Release|Any CPU.ActiveCfg = Release|Any CPU
		{3354F1EA-3D85-4140-8DA9-E2E9646107EF}.Release|Any CPU.Build.0 = Release|Any CPU
	EndGlobalSection
	GlobalSection(SolutionProperties) = preSolution
		HideSolutionNode = FALSE
	EndGlobalSection
	GlobalSection(ExtensibilityGlobals) = postSolution
		SolutionGuid = {4B702EE1-178D-4BF8-A3EA-92C3E1235D7A}
	EndGlobalSection
EndGlobal
